// !$*UTF8*$!
{
	archiveVersion = 1;
	classes = {
	};
	objectVersion = 56;
	objects = {

/* Begin PBXBuildFile section */
		B80E91172A77849200C148A0 /* test.swift in Sources */ = {isa = PBXBuildFile; fileRef = B80E91162A77849200C148A0 /* test.swift */; };
		C39AE50A2A751F000008775E /* api_aqshaApp.swift in Sources */ = {isa = PBXBuildFile; fileRef = C39AE5092A751F000008775E /* api_aqshaApp.swift */; };
		C39AE50C2A751F000008775E /* JokeApiView.swift in Sources */ = {isa = PBXBuildFile; fileRef = C39AE50B2A751F000008775E /* JokeApiView.swift */; };
		C39AE50E2A751F020008775E /* Assets.xcassets in Resources */ = {isa = PBXBuildFile; fileRef = C39AE50D2A751F020008775E /* Assets.xcassets */; };
		C39AE5112A751F020008775E /* Preview Assets.xcassets in Resources */ = {isa = PBXBuildFile; fileRef = C39AE5102A751F020008775E /* Preview Assets.xcassets */; };
		C39AE51A2A757E860008775E /* CatFactView.swift in Sources */ = {isa = PBXBuildFile; fileRef = C39AE5192A757E860008775E /* CatFactView.swift */; };
		C39AE51C2A7584850008775E /* DogApiView.swift in Sources */ = {isa = PBXBuildFile; fileRef = C39AE51B2A7584850008775E /* DogApiView.swift */; };
		C39AE51E2A7598640008775E /* GuessAgeApi.swift in Sources */ = {isa = PBXBuildFile; fileRef = C39AE51D2A7598640008775E /* GuessAgeApi.swift */; };
		C39AE5202A75A94B0008775E /* BPIndexView.swift in Sources */ = {isa = PBXBuildFile; fileRef = C39AE51F2A75A94B0008775E /* BPIndexView.swift */; };
		C39AE5222A76020E0008775E /* GuessGender.swift in Sources */ = {isa = PBXBuildFile; fileRef = C39AE5212A76020E0008775E /* GuessGender.swift */; };
		C39AE5242A76144F0008775E /* GeoIpView.swift in Sources */ = {isa = PBXBuildFile; fileRef = C39AE5232A76144F0008775E /* GeoIpView.swift */; };
		C39AE5262A76389E0008775E /* MainRootView.swift in Sources */ = {isa = PBXBuildFile; fileRef = C39AE5252A76389E0008775E /* MainRootView.swift */; };
/* End PBXBuildFile section */

/* Begin PBXFileReference section */
		B80E91162A77849200C148A0 /* test.swift */ = {isa = PBXFileReference; lastKnownFileType = sourcecode.swift; path = test.swift; sourceTree = "<group>"; };
		C39AE5062A751F000008775E /* api-aqsha.app */ = {isa = PBXFileReference; explicitFileType = wrapper.application; includeInIndex = 0; path = "api-aqsha.app"; sourceTree = BUILT_PRODUCTS_DIR; };
		C39AE5092A751F000008775E /* api_aqshaApp.swift */ = {isa = PBXFileReference; lastKnownFileType = sourcecode.swift; path = api_aqshaApp.swift; sourceTree = "<group>"; };
		C39AE50B2A751F000008775E /* JokeApiView.swift */ = {isa = PBXFileReference; lastKnownFileType = sourcecode.swift; path = JokeApiView.swift; sourceTree = "<group>"; };
		C39AE50D2A751F020008775E /* Assets.xcassets */ = {isa = PBXFileReference; lastKnownFileType = folder.assetcatalog; path = Assets.xcassets; sourceTree = "<group>"; };
		C39AE5102A751F020008775E /* Preview Assets.xcassets */ = {isa = PBXFileReference; lastKnownFileType = folder.assetcatalog; path = "Preview Assets.xcassets"; sourceTree = "<group>"; };
		C39AE5192A757E860008775E /* CatFactView.swift */ = {isa = PBXFileReference; lastKnownFileType = sourcecode.swift; path = CatFactView.swift; sourceTree = "<group>"; };
		C39AE51B2A7584850008775E /* DogApiView.swift */ = {isa = PBXFileReference; lastKnownFileType = sourcecode.swift; path = DogApiView.swift; sourceTree = "<group>"; };
		C39AE51D2A7598640008775E /* GuessAgeApi.swift */ = {isa = PBXFileReference; lastKnownFileType = sourcecode.swift; path = GuessAgeApi.swift; sourceTree = "<group>"; };
		C39AE51F2A75A94B0008775E /* BPIndexView.swift */ = {isa = PBXFileReference; lastKnownFileType = sourcecode.swift; path = BPIndexView.swift; sourceTree = "<group>"; };
		C39AE5212A76020E0008775E /* GuessGender.swift */ = {isa = PBXFileReference; lastKnownFileType = sourcecode.swift; path = GuessGender.swift; sourceTree = "<group>"; };
		C39AE5232A76144F0008775E /* GeoIpView.swift */ = {isa = PBXFileReference; lastKnownFileType = sourcecode.swift; path = GeoIpView.swift; sourceTree = "<group>"; };
		C39AE5252A76389E0008775E /* MainRootView.swift */ = {isa = PBXFileReference; lastKnownFileType = sourcecode.swift; path = MainRootView.swift; sourceTree = "<group>"; };
/* End PBXFileReference section */

/* Begin PBXFrameworksBuildPhase section */
		C39AE5032A751F000008775E /* Frameworks */ = {
			isa = PBXFrameworksBuildPhase;
			buildActionMask = 2147483647;
			files = (
			);
			runOnlyForDeploymentPostprocessing = 0;
		};
/* End PBXFrameworksBuildPhase section */

/* Begin PBXGroup section */
		C39AE4FD2A751F000008775E = {
			isa = PBXGroup;
			children = (
				C39AE5082A751F000008775E /* api-aqsha */,
				C39AE5072A751F000008775E /* Products */,
			);
			sourceTree = "<group>";
		};
		C39AE5072A751F000008775E /* Products */ = {
			isa = PBXGroup;
			children = (
				C39AE5062A751F000008775E /* api-aqsha.app */,
			);
			name = Products;
			sourceTree = "<group>";
		};
		C39AE5082A751F000008775E /* api-aqsha */ = {
			isa = PBXGroup;
			children = (
				C39AE5092A751F000008775E /* api_aqshaApp.swift */,
				C39AE50B2A751F000008775E /* JokeApiView.swift */,
				C39AE50D2A751F020008775E /* Assets.xcassets */,
				C39AE50F2A751F020008775E /* Preview Content */,
				C39AE5192A757E860008775E /* CatFactView.swift */,
				C39AE51B2A7584850008775E /* DogApiView.swift */,
				C39AE51D2A7598640008775E /* GuessAgeApi.swift */,
				C39AE51F2A75A94B0008775E /* BPIndexView.swift */,
				C39AE5212A76020E0008775E /* GuessGender.swift */,
				C39AE5232A76144F0008775E /* GeoIpView.swift */,
				C39AE5252A76389E0008775E /* MainRootView.swift */,
				B80E91162A77849200C148A0 /* test.swift */,
			);
			path = "api-aqsha";
			sourceTree = "<group>";
		};
		C39AE50F2A751F020008775E /* Preview Content */ = {
			isa = PBXGroup;
			children = (
				C39AE5102A751F020008775E /* Preview Assets.xcassets */,
			);
			path = "Preview Content";
			sourceTree = "<group>";
		};
/* End PBXGroup section */

/* Begin PBXNativeTarget section */
		C39AE5052A751F000008775E /* api-aqsha */ = {
			isa = PBXNativeTarget;
			buildConfigurationList = C39AE5142A751F020008775E /* Build configuration list for PBXNativeTarget "api-aqsha" */;
			buildPhases = (
				C39AE5022A751F000008775E /* Sources */,
				C39AE5032A751F000008775E /* Frameworks */,
				C39AE5042A751F000008775E /* Resources */,
			);
			buildRules = (
			);
			dependencies = (
			);
			name = "api-aqsha";
			productName = "api-aqsha";
			productReference = C39AE5062A751F000008775E /* api-aqsha.app */;
			productType = "com.apple.product-type.application";
		};
/* End PBXNativeTarget section */

/* Begin PBXProject section */
		C39AE4FE2A751F000008775E /* Project object */ = {
			isa = PBXProject;
			attributes = {
				BuildIndependentTargetsInParallel = 1;
				LastSwiftUpdateCheck = 1430;
				LastUpgradeCheck = 1430;
				TargetAttributes = {
					C39AE5052A751F000008775E = {
						CreatedOnToolsVersion = 14.3.1;
					};
				};
			};
			buildConfigurationList = C39AE5012A751F000008775E /* Build configuration list for PBXProject "api-aqsha" */;
			compatibilityVersion = "Xcode 14.0";
			developmentRegion = en;
			hasScannedForEncodings = 0;
			knownRegions = (
				en,
				Base,
			);
			mainGroup = C39AE4FD2A751F000008775E;
			productRefGroup = C39AE5072A751F000008775E /* Products */;
			projectDirPath = "";
			projectRoot = "";
			targets = (
				C39AE5052A751F000008775E /* api-aqsha */,
			);
		};
/* End PBXProject section */

/* Begin PBXResourcesBuildPhase section */
		C39AE5042A751F000008775E /* Resources */ = {
			isa = PBXResourcesBuildPhase;
			buildActionMask = 2147483647;
			files = (
				C39AE5112A751F020008775E /* Preview Assets.xcassets in Resources */,
				C39AE50E2A751F020008775E /* Assets.xcassets in Resources */,
			);
			runOnlyForDeploymentPostprocessing = 0;
		};
/* End PBXResourcesBuildPhase section */

/* Begin PBXSourcesBuildPhase section */
		C39AE5022A751F000008775E /* Sources */ = {
			isa = PBXSourcesBuildPhase;
			buildActionMask = 2147483647;
			files = (
				C39AE5222A76020E0008775E /* GuessGender.swift in Sources */,
				C39AE5242A76144F0008775E /* GeoIpView.swift in Sources */,
				C39AE50C2A751F000008775E /* JokeApiView.swift in Sources */,
				B80E91172A77849200C148A0 /* test.swift in Sources */,
				C39AE5262A76389E0008775E /* MainRootView.swift in Sources */,
				C39AE51A2A757E860008775E /* CatFactView.swift in Sources */,
				C39AE51C2A7584850008775E /* DogApiView.swift in Sources */,
				C39AE5202A75A94B0008775E /* BPIndexView.swift in Sources */,
				C39AE50A2A751F000008775E /* api_aqshaApp.swift in Sources */,
				C39AE51E2A7598640008775E /* GuessAgeApi.swift in Sources */,
			);
			runOnlyForDeploymentPostprocessing = 0;
		};
/* End PBXSourcesBuildPhase section */

/* Begin XCBuildConfiguration section */
		C39AE5122A751F020008775E /* Debug */ = {
			isa = XCBuildConfiguration;
			buildSettings = {
				ALWAYS_SEARCH_USER_PATHS = NO;
				CLANG_ANALYZER_NONNULL = YES;
				CLANG_ANALYZER_NUMBER_OBJECT_CONVERSION = YES_AGGRESSIVE;
				CLANG_CXX_LANGUAGE_STANDARD = "gnu++20";
				CLANG_ENABLE_MODULES = YES;
				CLANG_ENABLE_OBJC_ARC = YES;
				CLANG_ENABLE_OBJC_WEAK = YES;
				CLANG_WARN_BLOCK_CAPTURE_AUTORELEASING = YES;
				CLANG_WARN_BOOL_CONVERSION = YES;
				CLANG_WARN_COMMA = YES;
				CLANG_WARN_CONSTANT_CONVERSION = YES;
				CLANG_WARN_DEPRECATED_OBJC_IMPLEMENTATIONS = YES;
				CLANG_WARN_DIRECT_OBJC_ISA_USAGE = YES_ERROR;
				CLANG_WARN_DOCUMENTATION_COMMENTS = YES;
				CLANG_WARN_EMPTY_BODY = YES;
				CLANG_WARN_ENUM_CONVERSION = YES;
				CLANG_WARN_INFINITE_RECURSION = YES;
				CLANG_WARN_INT_CONVERSION = YES;
				CLANG_WARN_NON_LITERAL_NULL_CONVERSION = YES;
				CLANG_WARN_OBJC_IMPLICIT_RETAIN_SELF = YES;
				CLANG_WARN_OBJC_LITERAL_CONVERSION = YES;
				CLANG_WARN_OBJC_ROOT_CLASS = YES_ERROR;
				CLANG_WARN_QUOTED_INCLUDE_IN_FRAMEWORK_HEADER = YES;
				CLANG_WARN_RANGE_LOOP_ANALYSIS = YES;
				CLANG_WARN_STRICT_PROTOTYPES = YES;
				CLANG_WARN_SUSPICIOUS_MOVE = YES;
				CLANG_WARN_UNGUARDED_AVAILABILITY = YES_AGGRESSIVE;
				CLANG_WARN_UNREACHABLE_CODE = YES;
				CLANG_WARN__DUPLICATE_METHOD_MATCH = YES;
				COPY_PHASE_STRIP = NO;
				DEBUG_INFORMATION_FORMAT = dwarf;
				ENABLE_STRICT_OBJC_MSGSEND = YES;
				ENABLE_TESTABILITY = YES;
				GCC_C_LANGUAGE_STANDARD = gnu11;
				GCC_DYNAMIC_NO_PIC = NO;
				GCC_NO_COMMON_BLOCKS = YES;
				GCC_OPTIMIZATION_LEVEL = 0;
				GCC_PREPROCESSOR_DEFINITIONS = (
					"DEBUG=1",
					"$(inherited)",
				);
				GCC_WARN_64_TO_32_BIT_CONVERSION = YES;
				GCC_WARN_ABOUT_RETURN_TYPE = YES_ERROR;
				GCC_WARN_UNDECLARED_SELECTOR = YES;
				GCC_WARN_UNINITIALIZED_AUTOS = YES_AGGRESSIVE;
				GCC_WARN_UNUSED_FUNCTION = YES;
				GCC_WARN_UNUSED_VARIABLE = YES;
				IPHONEOS_DEPLOYMENT_TARGET = 16.4;
				MTL_ENABLE_DEBUG_INFO = INCLUDE_SOURCE;
				MTL_FAST_MATH = YES;
				ONLY_ACTIVE_ARCH = YES;
				SDKROOT = iphoneos;
				SWIFT_ACTIVE_COMPILATION_CONDITIONS = DEBUG;
				SWIFT_OPTIMIZATION_LEVEL = "-Onone";
			};
			name = Debug;
		};
		C39AE5132A751F020008775E /* Release */ = {
			isa = XCBuildConfiguration;
			buildSettings = {
				ALWAYS_SEARCH_USER_PATHS = NO;
				CLANG_ANALYZER_NONNULL = YES;
				CLANG_ANALYZER_NUMBER_OBJECT_CONVERSION = YES_AGGRESSIVE;
				CLANG_CXX_LANGUAGE_STANDARD = "gnu++20";
				CLANG_ENABLE_MODULES = YES;
				CLANG_ENABLE_OBJC_ARC = YES;
				CLANG_ENABLE_OBJC_WEAK = YES;
				CLANG_WARN_BLOCK_CAPTURE_AUTORELEASING = YES;
				CLANG_WARN_BOOL_CONVERSION = YES;
				CLANG_WARN_COMMA = YES;
				CLANG_WARN_CONSTANT_CONVERSION = YES;
				CLANG_WARN_DEPRECATED_OBJC_IMPLEMENTATIONS = YES;
				CLANG_WARN_DIRECT_OBJC_ISA_USAGE = YES_ERROR;
				CLANG_WARN_DOCUMENTATION_COMMENTS = YES;
				CLANG_WARN_EMPTY_BODY = YES;
				CLANG_WARN_ENUM_CONVERSION = YES;
				CLANG_WARN_INFINITE_RECURSION = YES;
				CLANG_WARN_INT_CONVERSION = YES;
				CLANG_WARN_NON_LITERAL_NULL_CONVERSION = YES;
				CLANG_WARN_OBJC_IMPLICIT_RETAIN_SELF = YES;
				CLANG_WARN_OBJC_LITERAL_CONVERSION = YES;
				CLANG_WARN_OBJC_ROOT_CLASS = YES_ERROR;
				CLANG_WARN_QUOTED_INCLUDE_IN_FRAMEWORK_HEADER = YES;
				CLANG_WARN_RANGE_LOOP_ANALYSIS = YES;
				CLANG_WARN_STRICT_PROTOTYPES = YES;
				CLANG_WARN_SUSPICIOUS_MOVE = YES;
				CLANG_WARN_UNGUARDED_AVAILABILITY = YES_AGGRESSIVE;
				CLANG_WARN_UNREACHABLE_CODE = YES;
				CLANG_WARN__DUPLICATE_METHOD_MATCH = YES;
				COPY_PHASE_STRIP = NO;
				DEBUG_INFORMATION_FORMAT = "dwarf-with-dsym";
				ENABLE_NS_ASSERTIONS = NO;
				ENABLE_STRICT_OBJC_MSGSEND = YES;
				GCC_C_LANGUAGE_STANDARD = gnu11;
				GCC_NO_COMMON_BLOCKS = YES;
				GCC_WARN_64_TO_32_BIT_CONVERSION = YES;
				GCC_WARN_ABOUT_RETURN_TYPE = YES_ERROR;
				GCC_WARN_UNDECLARED_SELECTOR = YES;
				GCC_WARN_UNINITIALIZED_AUTOS = YES_AGGRESSIVE;
				GCC_WARN_UNUSED_FUNCTION = YES;
				GCC_WARN_UNUSED_VARIABLE = YES;
				IPHONEOS_DEPLOYMENT_TARGET = 16.4;
				MTL_ENABLE_DEBUG_INFO = NO;
				MTL_FAST_MATH = YES;
				SDKROOT = iphoneos;
				SWIFT_COMPILATION_MODE = wholemodule;
				SWIFT_OPTIMIZATION_LEVEL = "-O";
				VALIDATE_PRODUCT = YES;
			};
			name = Release;
		};
		C39AE5152A751F020008775E /* Debug */ = {
			isa = XCBuildConfiguration;
			buildSettings = {
				ASSETCATALOG_COMPILER_APPICON_NAME = AppIcon;
				ASSETCATALOG_COMPILER_GLOBAL_ACCENT_COLOR_NAME = AccentColor;
				CODE_SIGN_STYLE = Automatic;
				CURRENT_PROJECT_VERSION = 1;
				DEVELOPMENT_ASSET_PATHS = "\"api-aqsha/Preview Content\"";
				DEVELOPMENT_TEAM = ZKS8QC43YX;
				ENABLE_PREVIEWS = YES;
				GENERATE_INFOPLIST_FILE = YES;
				INFOPLIST_KEY_UIApplicationSceneManifest_Generation = YES;
				INFOPLIST_KEY_UIApplicationSupportsIndirectInputEvents = YES;
				INFOPLIST_KEY_UILaunchScreen_Generation = YES;
				INFOPLIST_KEY_UISupportedInterfaceOrientations_iPad = "UIInterfaceOrientationPortrait UIInterfaceOrientationPortraitUpsideDown UIInterfaceOrientationLandscapeLeft UIInterfaceOrientationLandscapeRight";
				INFOPLIST_KEY_UISupportedInterfaceOrientations_iPhone = "UIInterfaceOrientationPortrait UIInterfaceOrientationLandscapeLeft UIInterfaceOrientationLandscapeRight";
				LD_RUNPATH_SEARCH_PATHS = (
					"$(inherited)",
					"@executable_path/Frameworks",
				);
				MARKETING_VERSION = 1.0;
				PRODUCT_BUNDLE_IDENTIFIER = "aqsha.api-aqsha";
				PRODUCT_NAME = "$(TARGET_NAME)";
				SWIFT_EMIT_LOC_STRINGS = YES;
				SWIFT_VERSION = 5.0;
				TARGETED_DEVICE_FAMILY = "1,2";
			};
			name = Debug;
		};
		C39AE5162A751F020008775E /* Release */ = {
			isa = XCBuildConfiguration;
			buildSettings = {
				ASSETCATALOG_COMPILER_APPICON_NAME = AppIcon;
				ASSETCATALOG_COMPILER_GLOBAL_ACCENT_COLOR_NAME = AccentColor;
				CODE_SIGN_STYLE = Automatic;
				CURRENT_PROJECT_VERSION = 1;
				DEVELOPMENT_ASSET_PATHS = "\"api-aqsha/Preview Content\"";
				DEVELOPMENT_TEAM = ZKS8QC43YX;
				ENABLE_PREVIEWS = YES;
				GENERATE_INFOPLIST_FILE = YES;
				INFOPLIST_KEY_UIApplicationSceneManifest_Generation = YES;
				INFOPLIST_KEY_UIApplicationSupportsIndirectInputEvents = YES;
				INFOPLIST_KEY_UILaunchScreen_Generation = YES;
				INFOPLIST_KEY_UISupportedInterfaceOrientations_iPad = "UIInterfaceOrientationPortrait UIInterfaceOrientationPortraitUpsideDown UIInterfaceOrientationLandscapeLeft UIInterfaceOrientationLandscapeRight";
				INFOPLIST_KEY_UISupportedInterfaceOrientations_iPhone = "UIInterfaceOrientationPortrait UIInterfaceOrientationLandscapeLeft UIInterfaceOrientationLandscapeRight";
				LD_RUNPATH_SEARCH_PATHS = (
					"$(inherited)",
					"@executable_path/Frameworks",
				);
				MARKETING_VERSION = 1.0;
				PRODUCT_BUNDLE_IDENTIFIER = "aqsha.api-aqsha";
				PRODUCT_NAME = "$(TARGET_NAME)";
				SWIFT_EMIT_LOC_STRINGS = YES;
				SWIFT_VERSION = 5.0;
				TARGETED_DEVICE_FAMILY = "1,2";
			};
			name = Release;
		};
/* End XCBuildConfiguration section */

/* Begin XCConfigurationList section */
		C39AE5012A751F000008775E /* Build configuration list for PBXProject "api-aqsha" */ = {
			isa = XCConfigurationList;
			buildConfigurations = (
				C39AE5122A751F020008775E /* Debug */,
				C39AE5132A751F020008775E /* Release */,
			);
			defaultConfigurationIsVisible = 0;
			defaultConfigurationName = Release;
		};
		C39AE5142A751F020008775E /* Build configuration list for PBXNativeTarget "api-aqsha" */ = {
			isa = XCConfigurationList;
			buildConfigurations = (
				C39AE5152A751F020008775E /* Debug */,
				C39AE5162A751F020008775E /* Release */,
			);
			defaultConfigurationIsVisible = 0;
			defaultConfigurationName = Release;
		};
/* End XCConfigurationList section */
	};
	rootObject = C39AE4FE2A751F000008775E /* Project object */;
}
